
Microsoft Visual Studio Solution File, Format Version 11.00
# Visual Studio 2010
Project("{FAE04EC0-301F-11D3-BF4B-00C04F79EFBC}") = "FarleyFile.Domain", "FarleyFile.Domain\FarleyFile.Domain.csproj", "{703F8CDC-BD7F-4FD1-AF1A-855567207CDD}"
EndProject
Project("{FAE04EC0-301F-11D3-BF4B-00C04F79EFBC}") = "FarleyFile.Abstractions", "FarleyFile.Abstractions\FarleyFile.Abstractions.csproj", "{B36BB802-B112-417D-9EA4-433A31FFE50B}"
EndProject
Project("{FAE04EC0-301F-11D3-BF4B-00C04F79EFBC}") = "FarleyFile.Desktop", "FarleyFile.Desktop\FarleyFile.Desktop.csproj", "{74C2D1E4-BE5F-440A-AFF0-1DF14B2BBD68}"
EndProject
Global
	GlobalSection(SolutionConfigurationPlatforms) = preSolution
		Debug|Any CPU = Debug|Any CPU
		Debug|Mixed Platforms = Debug|Mixed Platforms
		Debug|x86 = Debug|x86
		Release|Any CPU = Release|Any CPU
		Release|Mixed Platforms = Release|Mixed Platforms
		Release|x86 = Release|x86
	EndGlobalSection
	GlobalSection(ProjectConfigurationPlatforms) = postSolution
		{703F8CDC-BD7F-4FD1-AF1A-855567207CDD}.Debug|Any CPU.ActiveCfg = Debug|Any CPU
		{703F8CDC-BD7F-4FD1-AF1A-855567207CDD}.Debug|Any CPU.Build.0 = Debug|Any CPU
		{703F8CDC-BD7F-4FD1-AF1A-855567207CDD}.Debug|Mixed Platforms.ActiveCfg = Debug|Any CPU
		{703F8CDC-BD7F-4FD1-AF1A-855567207CDD}.Debug|Mixed Platforms.Build.0 = Debug|Any CPU
		{703F8CDC-BD7F-4FD1-AF1A-855567207CDD}.Debug|x86.ActiveCfg = Debug|Any CPU
		{703F8CDC-BD7F-4FD1-AF1A-855567207CDD}.Release|Any CPU.ActiveCfg = Release|Any CPU
		{703F8CDC-BD7F-4FD1-AF1A-855567207CDD}.Release|Any CPU.Build.0 = Release|Any CPU
		{703F8CDC-BD7F-4FD1-AF1A-855567207CDD}.Release|Mixed Platforms.ActiveCfg = Release|Any CPU
		{703F8CDC-BD7F-4FD1-AF1A-855567207CDD}.Release|Mixed Platforms.Build.0 = Release|Any CPU
		{703F8CDC-BD7F-4FD1-AF1A-855567207CDD}.Release|x86.ActiveCfg = Release|Any CPU
		{B36BB802-B112-417D-9EA4-433A31FFE50B}.Debug|Any CPU.ActiveCfg = Debug|Any CPU
		{B36BB802-B112-417D-9EA4-433A31FFE50B}.Debug|Any CPU.Build.0 = Debug|Any CPU
		{B36BB802-B112-417D-9EA4-433A31FFE50B}.Debug|Mixed Platforms.ActiveCfg = Debug|Any CPU
		{B36BB802-B112-417D-9EA4-433A31FFE50B}.Debug|Mixed Platforms.Build.0 = Debug|Any CPU
		{B36BB802-B112-417D-9EA4-433A31FFE50B}.Debug|x86.ActiveCfg = Debug|Any CPU
		{B36BB802-B112-417D-9EA4-433A31FFE50B}.Release|Any CPU.ActiveCfg = Release|Any CPU
		{B36BB802-B112-417D-9EA4-433A31FFE50B}.Release|Any CPU.Build.0 = Release|Any CPU
		{B36BB802-B112-417D-9EA4-433A31FFE50B}.Release|Mixed Platforms.ActiveCfg = Release|Any CPU
		{B36BB802-B112-417D-9EA4-433A31FFE50B}.Release|Mixed Platforms.Build.0 = Release|Any CPU
		{B36BB802-B112-417D-9EA4-433A31FFE50B}.Release|x86.ActiveCfg = Release|Any CPU
		{74C2D1E4-BE5F-440A-AFF0-1DF14B2BBD68}.Debug|Any CPU.ActiveCfg = Debug|x86
		{74C2D1E4-BE5F-440A-AFF0-1DF14B2BBD68}.Debug|Mixed Platforms.ActiveCfg = Debug|x86
		{74C2D1E4-BE5F-440A-AFF0-1DF14B2BBD68}.Debug|Mixed Platforms.Build.0 = Debug|x86
		{74C2D1E4-BE5F-440A-AFF0-1DF14B2BBD68}.Debug|x86.ActiveCfg = Debug|x86
		{74C2D1E4-BE5F-440A-AFF0-1DF14B2BBD68}.Debug|x86.Build.0 = Debug|x86
		{74C2D1E4-BE5F-440A-AFF0-1DF14B2BBD68}.Release|Any CPU.ActiveCfg = Release|x86
		{74C2D1E4-BE5F-440A-AFF0-1DF14B2BBD68}.Release|Mixed Platforms.ActiveCfg = Release|x86
		{74C2D1E4-BE5F-440A-AFF0-1DF14B2BBD68}.Release|Mixed Platforms.Build.0 = Release|x86
		{74C2D1E4-BE5F-440A-AFF0-1DF14B2BBD68}.Release|x86.ActiveCfg = Release|x86
		{74C2D1E4-BE5F-440A-AFF0-1DF14B2BBD68}.Release|x86.Build.0 = Release|x86
	EndGlobalSection
	GlobalSection(SolutionProperties) = preSolution
		HideSolutionNode = FALSE
	EndGlobalSection
EndGlobal
